{
    "version": 3,
    "terraform_version": "0.7.13",
    "serial": 2,
    "lineage": "7cf7e078-bc65-4d2c-8590-8be85379899e",
    "modules": [
        {
            "path": [
                "root"
            ],
            "outputs": {},
            "resources": {
                "aws_instance.cosmos-vrouter": {
                    "type": "aws_instance",
                    "depends_on": [
                        "aws_key_pair.cosmos-admin",
                        "aws_route_table.us-west-2a-public",
                        "aws_security_group.cosmos-vrouter_region1",
                        "aws_security_group.cosmos-vrouter_region1",
                        "aws_subnet.us-west-2a-public",
                        "aws_subnet.us-west-2a-public",
                        "aws_vpc.cosmos-vrouter-edgerouter-region1-vpc"
                    ],
                    "primary": {
                        "id": "i-08550f0cd9f2c314b",
                        "attributes": {
                            "ami": "ami-efd0428f",
                            "associate_public_ip_address": "true",
                            "availability_zone": "us-west-2a",
                            "disable_api_termination": "false",
                            "ebs_block_device.#": "0",
                            "ebs_optimized": "false",
                            "ephemeral_block_device.#": "0",
                            "iam_instance_profile": "",
                            "id": "i-08550f0cd9f2c314b",
                            "instance_state": "running",
                            "instance_type": "t2.small",
                            "key_name": "cosmos-admin3",
                            "monitoring": "false",
                            "network_interface_id": "eni-485fe075",
                            "private_dns": "ip-10-10-1-105.us-west-2.compute.internal",
                            "private_ip": "10.10.1.105",
                            "public_dns": "ec2-54-187-102-132.us-west-2.compute.amazonaws.com",
                            "public_ip": "54.187.102.132",
                            "root_block_device.#": "1",
                            "root_block_device.0.delete_on_termination": "true",
                            "root_block_device.0.iops": "100",
                            "root_block_device.0.volume_size": "8",
                            "root_block_device.0.volume_type": "gp2",
                            "security_groups.#": "0",
                            "source_dest_check": "false",
                            "subnet_id": "subnet-49d6be00",
                            "tags.%": "1",
                            "tags.Name": "cosmos-vrouter-TF",
                            "tenancy": "default",
                            "vpc_security_group_ids.#": "1",
                            "vpc_security_group_ids.2493053215": "sg-12187b69"
                        },
                        "meta": {
                            "schema_version": "1"
                        },
                        "tainted": false
                    },
                    "deposed": [],
                    "provider": "aws.oregon"
                },
                "aws_instance.cosmos-vrouter-region2": {
                    "type": "aws_instance",
                    "depends_on": [
                        "aws_key_pair.cosmos-admin_region2",
                        "aws_route_table.us-east-2a-public",
                        "aws_security_group.cosmos-vrouter-region2",
                        "aws_security_group.cosmos-vrouter-region2",
                        "aws_subnet.us-east-2a-public",
                        "aws_subnet.us-east-2a-public",
                        "aws_vpc.cosmos-vrouter-edgerouter-region2-vpc"
                    ],
                    "primary": {
                        "id": "i-02391306e1458a5ce",
                        "attributes": {
                            "ami": "ami-fcc19b99",
                            "associate_public_ip_address": "true",
                            "availability_zone": "us-east-2a",
                            "disable_api_termination": "false",
                            "ebs_block_device.#": "0",
                            "ebs_optimized": "false",
                            "ephemeral_block_device.#": "0",
                            "iam_instance_profile": "",
                            "id": "i-02391306e1458a5ce",
                            "instance_state": "running",
                            "instance_type": "t2.small",
                            "key_name": "cosmos-admin3",
                            "monitoring": "false",
                            "network_interface_id": "eni-0c503b64",
                            "private_dns": "ip-10-15-1-33.us-east-2.compute.internal",
                            "private_ip": "10.15.1.33",
                            "public_dns": "ec2-13-58-29-194.us-east-2.compute.amazonaws.com",
                            "public_ip": "13.58.29.194",
                            "root_block_device.#": "1",
                            "root_block_device.0.delete_on_termination": "true",
                            "root_block_device.0.iops": "100",
                            "root_block_device.0.volume_size": "8",
                            "root_block_device.0.volume_type": "gp2",
                            "security_groups.#": "0",
                            "source_dest_check": "false",
                            "subnet_id": "subnet-2f721546",
                            "tags.%": "1",
                            "tags.Name": "cosmos-vrouter-TF",
                            "tenancy": "default",
                            "vpc_security_group_ids.#": "1",
                            "vpc_security_group_ids.3139341609": "sg-cd6132a4"
                        },
                        "meta": {
                            "schema_version": "1"
                        },
                        "tainted": false
                    },
                    "deposed": [],
                    "provider": "aws.ohio"
                },
                "aws_internet_gateway.cosmos-vrouter-edgerouter-region1-vpc": {
                    "type": "aws_internet_gateway",
                    "depends_on": [
                        "aws_vpc.cosmos-vrouter-edgerouter-region1-vpc"
                    ],
                    "primary": {
                        "id": "igw-624fb605",
                        "attributes": {
                            "id": "igw-624fb605",
                            "vpc_id": "vpc-f16f6b96"
                        },
                        "meta": {},
                        "tainted": false
                    },
                    "deposed": [],
                    "provider": "aws.oregon"
                },
                "aws_internet_gateway.cosmos-vrouter-edgerouter-region2-vpc": {
                    "type": "aws_internet_gateway",
                    "depends_on": [
                        "aws_vpc.cosmos-vrouter-edgerouter-region2-vpc"
                    ],
                    "primary": {
                        "id": "igw-5cfd4c35",
                        "attributes": {
                            "id": "igw-5cfd4c35",
                            "vpc_id": "vpc-57d0403e"
                        },
                        "meta": {},
                        "tainted": false
                    },
                    "deposed": [],
                    "provider": "aws.ohio"
                },
                "aws_key_pair.cosmos-admin": {
                    "type": "aws_key_pair",
                    "depends_on": [],
                    "primary": {
                        "id": "cosmos-admin3",
                        "attributes": {
                            "id": "cosmos-admin3",
                            "key_name": "cosmos-admin3",
                            "public_key": "ssh-rsa AAAAB3NzaC1yc2EAAAADAQABAAABAQDyXBNH/KCBD0gQriYyG+0u+hG/Knbdw8O+KyxZxKUffgpHHsBBKGhY5RFSjPsP5y5xGlWJU9z4N8ikQKQ5D0D9Qihdb70Eeandz30grkACiGNuT7y8DWGvvE/MzYA3a4RiEY3VyravWCBAQ0fKa/c3aSy9HMU1jxfMi4EVUijrULkLFDnjDrKNT4h2u22t5YVXxhMySKiuhyVG4+xXTj8vMffJkbssz1CXN0RU7rWS0cKKRa2ii/iSBS4P/T4ZbzOeKDII2Mzt+CIG8GAsbouIdhMfkd1d1I67CP+7AX3FgYyIU8Yqpjo5NKu5Nf4KTTbB067c4Jm5b+VrMwftFtOD root@ubuntu-xenial"
                        },
                        "meta": {
                            "schema_version": "1"
                        },
                        "tainted": false
                    },
                    "deposed": [],
                    "provider": "aws.oregon"
                },
                "aws_key_pair.cosmos-admin_region2": {
                    "type": "aws_key_pair",
                    "depends_on": [],
                    "primary": {
                        "id": "cosmos-admin3",
                        "attributes": {
                            "id": "cosmos-admin3",
                            "key_name": "cosmos-admin3",
                            "public_key": "ssh-rsa AAAAB3NzaC1yc2EAAAADAQABAAABAQDyXBNH/KCBD0gQriYyG+0u+hG/Knbdw8O+KyxZxKUffgpHHsBBKGhY5RFSjPsP5y5xGlWJU9z4N8ikQKQ5D0D9Qihdb70Eeandz30grkACiGNuT7y8DWGvvE/MzYA3a4RiEY3VyravWCBAQ0fKa/c3aSy9HMU1jxfMi4EVUijrULkLFDnjDrKNT4h2u22t5YVXxhMySKiuhyVG4+xXTj8vMffJkbssz1CXN0RU7rWS0cKKRa2ii/iSBS4P/T4ZbzOeKDII2Mzt+CIG8GAsbouIdhMfkd1d1I67CP+7AX3FgYyIU8Yqpjo5NKu5Nf4KTTbB067c4Jm5b+VrMwftFtOD root@ubuntu-xenial"
                        },
                        "meta": {
                            "schema_version": "1"
                        },
                        "tainted": false
                    },
                    "deposed": [],
                    "provider": "aws.ohio"
                },
                "aws_route_table.us-east-2a-public": {
                    "type": "aws_route_table",
                    "depends_on": [
                        "aws_internet_gateway.cosmos-vrouter-edgerouter-region2-vpc",
                        "aws_vpc.cosmos-vrouter-edgerouter-region2-vpc"
                    ],
                    "primary": {
                        "id": "rtb-6237530b",
                        "attributes": {
                            "id": "rtb-6237530b",
                            "propagating_vgws.#": "0",
                            "route.#": "1",
                            "route.3270994963.cidr_block": "0.0.0.0/0",
                            "route.3270994963.gateway_id": "igw-5cfd4c35",
                            "route.3270994963.instance_id": "",
                            "route.3270994963.nat_gateway_id": "",
                            "route.3270994963.network_interface_id": "",
                            "route.3270994963.vpc_peering_connection_id": "",
                            "tags.%": "1",
                            "tags.Name": "Public Subnet",
                            "vpc_id": "vpc-57d0403e"
                        },
                        "meta": {},
                        "tainted": false
                    },
                    "deposed": [],
                    "provider": "aws.ohio"
                },
                "aws_route_table.us-west-2a-public": {
                    "type": "aws_route_table",
                    "depends_on": [
                        "aws_internet_gateway.cosmos-vrouter-edgerouter-region1-vpc",
                        "aws_vpc.cosmos-vrouter-edgerouter-region1-vpc"
                    ],
                    "primary": {
                        "id": "rtb-b1ae1ed7",
                        "attributes": {
                            "id": "rtb-b1ae1ed7",
                            "propagating_vgws.#": "0",
                            "route.#": "1",
                            "route.3517087141.cidr_block": "0.0.0.0/0",
                            "route.3517087141.gateway_id": "igw-624fb605",
                            "route.3517087141.instance_id": "",
                            "route.3517087141.nat_gateway_id": "",
                            "route.3517087141.network_interface_id": "",
                            "route.3517087141.vpc_peering_connection_id": "",
                            "tags.%": "1",
                            "tags.Name": "Public Subnet",
                            "vpc_id": "vpc-f16f6b96"
                        },
                        "meta": {},
                        "tainted": false
                    },
                    "deposed": [],
                    "provider": "aws.oregon"
                },
                "aws_route_table_association.us-east-2a-public": {
                    "type": "aws_route_table_association",
                    "depends_on": [
                        "aws_route_table.us-east-2a-public",
                        "aws_subnet.us-east-2a-public"
                    ],
                    "primary": {
                        "id": "rtbassoc-95afe0fc",
                        "attributes": {
                            "id": "rtbassoc-95afe0fc",
                            "route_table_id": "rtb-6237530b",
                            "subnet_id": "subnet-2f721546"
                        },
                        "meta": {},
                        "tainted": false
                    },
                    "deposed": [],
                    "provider": "aws.ohio"
                },
                "aws_route_table_association.us-west-2a-public": {
                    "type": "aws_route_table_association",
                    "depends_on": [
                        "aws_route_table.us-west-2a-public",
                        "aws_subnet.us-west-2a-public"
                    ],
                    "primary": {
                        "id": "rtbassoc-89d86cf0",
                        "attributes": {
                            "id": "rtbassoc-89d86cf0",
                            "route_table_id": "rtb-b1ae1ed7",
                            "subnet_id": "subnet-49d6be00"
                        },
                        "meta": {},
                        "tainted": false
                    },
                    "deposed": [],
                    "provider": "aws.oregon"
                },
                "aws_security_group.cosmos-vrouter-region2": {
                    "type": "aws_security_group",
                    "depends_on": [
                        "aws_vpc.cosmos-vrouter-edgerouter-region2-vpc"
                    ],
                    "primary": {
                        "id": "sg-cd6132a4",
                        "attributes": {
                            "description": "Allow incoming traffic",
                            "egress.#": "1",
                            "egress.482069346.cidr_blocks.#": "1",
                            "egress.482069346.cidr_blocks.0": "0.0.0.0/0",
                            "egress.482069346.from_port": "0",
                            "egress.482069346.prefix_list_ids.#": "0",
                            "egress.482069346.protocol": "-1",
                            "egress.482069346.security_groups.#": "0",
                            "egress.482069346.self": "false",
                            "egress.482069346.to_port": "0",
                            "id": "sg-cd6132a4",
                            "ingress.#": "5",
                            "ingress.2541437006.cidr_blocks.#": "1",
                            "ingress.2541437006.cidr_blocks.0": "0.0.0.0/0",
                            "ingress.2541437006.from_port": "22",
                            "ingress.2541437006.protocol": "tcp",
                            "ingress.2541437006.security_groups.#": "0",
                            "ingress.2541437006.self": "false",
                            "ingress.2541437006.to_port": "22",
                            "ingress.3352683538.cidr_blocks.#": "1",
                            "ingress.3352683538.cidr_blocks.0": "100.64.0.0/10",
                            "ingress.3352683538.from_port": "0",
                            "ingress.3352683538.protocol": "-1",
                            "ingress.3352683538.security_groups.#": "0",
                            "ingress.3352683538.self": "false",
                            "ingress.3352683538.to_port": "0",
                            "ingress.3592795983.cidr_blocks.#": "1",
                            "ingress.3592795983.cidr_blocks.0": "0.0.0.0/0",
                            "ingress.3592795983.from_port": "655",
                            "ingress.3592795983.protocol": "udp",
                            "ingress.3592795983.security_groups.#": "0",
                            "ingress.3592795983.self": "false",
                            "ingress.3592795983.to_port": "655",
                            "ingress.4185655106.cidr_blocks.#": "1",
                            "ingress.4185655106.cidr_blocks.0": "0.0.0.0/0",
                            "ingress.4185655106.from_port": "655",
                            "ingress.4185655106.protocol": "tcp",
                            "ingress.4185655106.security_groups.#": "0",
                            "ingress.4185655106.self": "false",
                            "ingress.4185655106.to_port": "655",
                            "ingress.956249133.cidr_blocks.#": "1",
                            "ingress.956249133.cidr_blocks.0": "10.0.0.0/8",
                            "ingress.956249133.from_port": "0",
                            "ingress.956249133.protocol": "-1",
                            "ingress.956249133.security_groups.#": "0",
                            "ingress.956249133.self": "false",
                            "ingress.956249133.to_port": "0",
                            "name": "cosmos-vrouter-sg",
                            "owner_id": "452395698705",
                            "tags.%": "1",
                            "tags.Name": "cosmos-vrouter-SG",
                            "vpc_id": "vpc-57d0403e"
                        },
                        "meta": {},
                        "tainted": false
                    },
                    "deposed": [],
                    "provider": "aws.ohio"
                },
                "aws_security_group.cosmos-vrouter_region1": {
                    "type": "aws_security_group",
                    "depends_on": [
                        "aws_vpc.cosmos-vrouter-edgerouter-region1-vpc"
                    ],
                    "primary": {
                        "id": "sg-12187b69",
                        "attributes": {
                            "description": "Allow incoming traffic",
                            "egress.#": "1",
                            "egress.482069346.cidr_blocks.#": "1",
                            "egress.482069346.cidr_blocks.0": "0.0.0.0/0",
                            "egress.482069346.from_port": "0",
                            "egress.482069346.prefix_list_ids.#": "0",
                            "egress.482069346.protocol": "-1",
                            "egress.482069346.security_groups.#": "0",
                            "egress.482069346.self": "false",
                            "egress.482069346.to_port": "0",
                            "id": "sg-12187b69",
                            "ingress.#": "5",
                            "ingress.2541437006.cidr_blocks.#": "1",
                            "ingress.2541437006.cidr_blocks.0": "0.0.0.0/0",
                            "ingress.2541437006.from_port": "22",
                            "ingress.2541437006.protocol": "tcp",
                            "ingress.2541437006.security_groups.#": "0",
                            "ingress.2541437006.self": "false",
                            "ingress.2541437006.to_port": "22",
                            "ingress.3352683538.cidr_blocks.#": "1",
                            "ingress.3352683538.cidr_blocks.0": "100.64.0.0/10",
                            "ingress.3352683538.from_port": "0",
                            "ingress.3352683538.protocol": "-1",
                            "ingress.3352683538.security_groups.#": "0",
                            "ingress.3352683538.self": "false",
                            "ingress.3352683538.to_port": "0",
                            "ingress.3592795983.cidr_blocks.#": "1",
                            "ingress.3592795983.cidr_blocks.0": "0.0.0.0/0",
                            "ingress.3592795983.from_port": "655",
                            "ingress.3592795983.protocol": "udp",
                            "ingress.3592795983.security_groups.#": "0",
                            "ingress.3592795983.self": "false",
                            "ingress.3592795983.to_port": "655",
                            "ingress.4185655106.cidr_blocks.#": "1",
                            "ingress.4185655106.cidr_blocks.0": "0.0.0.0/0",
                            "ingress.4185655106.from_port": "655",
                            "ingress.4185655106.protocol": "tcp",
                            "ingress.4185655106.security_groups.#": "0",
                            "ingress.4185655106.self": "false",
                            "ingress.4185655106.to_port": "655",
                            "ingress.956249133.cidr_blocks.#": "1",
                            "ingress.956249133.cidr_blocks.0": "10.0.0.0/8",
                            "ingress.956249133.from_port": "0",
                            "ingress.956249133.protocol": "-1",
                            "ingress.956249133.security_groups.#": "0",
                            "ingress.956249133.self": "false",
                            "ingress.956249133.to_port": "0",
                            "name": "cosmos-vrouter-sg",
                            "owner_id": "452395698705",
                            "tags.%": "1",
                            "tags.Name": "cosmos-vrouter-SG",
                            "vpc_id": "vpc-f16f6b96"
                        },
                        "meta": {},
                        "tainted": false
                    },
                    "deposed": [],
                    "provider": "aws.oregon"
                },
                "aws_subnet.us-east-2a-public": {
                    "type": "aws_subnet",
                    "depends_on": [
                        "aws_vpc.cosmos-vrouter-edgerouter-region2-vpc"
                    ],
                    "primary": {
                        "id": "subnet-2f721546",
                        "attributes": {
                            "availability_zone": "us-east-2a",
                            "cidr_block": "10.15.1.0/24",
                            "id": "subnet-2f721546",
                            "map_public_ip_on_launch": "false",
                            "tags.%": "1",
                            "tags.Name": "Public Subnet",
                            "vpc_id": "vpc-57d0403e"
                        },
                        "meta": {},
                        "tainted": false
                    },
                    "deposed": [],
                    "provider": "aws.ohio"
                },
                "aws_subnet.us-west-2a-public": {
                    "type": "aws_subnet",
                    "depends_on": [
                        "aws_vpc.cosmos-vrouter-edgerouter-region1-vpc"
                    ],
                    "primary": {
                        "id": "subnet-49d6be00",
                        "attributes": {
                            "availability_zone": "us-west-2a",
                            "cidr_block": "10.10.1.0/24",
                            "id": "subnet-49d6be00",
                            "map_public_ip_on_launch": "false",
                            "tags.%": "1",
                            "tags.Name": "Public Subnet",
                            "vpc_id": "vpc-f16f6b96"
                        },
                        "meta": {},
                        "tainted": false
                    },
                    "deposed": [],
                    "provider": "aws.oregon"
                },
                "aws_vpc.cosmos-vrouter-edgerouter-region1-vpc": {
                    "type": "aws_vpc",
                    "depends_on": [],
                    "primary": {
                        "id": "vpc-f16f6b96",
                        "attributes": {
                            "cidr_block": "10.10.0.0/16",
                            "default_network_acl_id": "acl-5c976c3a",
                            "default_route_table_id": "rtb-9d9020fb",
                            "default_security_group_id": "sg-f71a798c",
                            "dhcp_options_id": "dopt-08210f6d",
                            "enable_classiclink": "false",
                            "enable_dns_hostnames": "true",
                            "enable_dns_support": "true",
                            "id": "vpc-f16f6b96",
                            "instance_tenancy": "default",
                            "main_route_table_id": "rtb-9d9020fb",
                            "tags.%": "1",
                            "tags.Name": "cosmos-vrouter-edgerouter-region1-vpc-TF"
                        },
                        "meta": {},
                        "tainted": false
                    },
                    "deposed": [],
                    "provider": "aws.oregon"
                },
                "aws_vpc.cosmos-vrouter-edgerouter-region2-vpc": {
                    "type": "aws_vpc",
                    "depends_on": [],
                    "primary": {
                        "id": "vpc-57d0403e",
                        "attributes": {
                            "cidr_block": "10.15.0.0/16",
                            "default_network_acl_id": "acl-95d149fc",
                            "default_route_table_id": "rtb-78355111",
                            "default_security_group_id": "sg-a06330c9",
                            "dhcp_options_id": "dopt-65b45c0c",
                            "enable_dns_hostnames": "true",
                            "enable_dns_support": "true",
                            "id": "vpc-57d0403e",
                            "instance_tenancy": "default",
                            "main_route_table_id": "rtb-78355111",
                            "tags.%": "1",
                            "tags.Name": "cosmos-vrouter-edgerouter-region2-vpc-TF"
                        },
                        "meta": {},
                        "tainted": false
                    },
                    "deposed": [],
                    "provider": "aws.ohio"
                }
            },
            "depends_on": []
        }
    ]
}
