{
    "version": 3,
    "terraform_version": "0.7.13",
    "serial": 14,
    "lineage": "7cf7e078-bc65-4d2c-8590-8be85379899e",
    "modules": [
        {
            "path": [
                "root"
            ],
            "outputs": {
                "MEOW": {
                    "sensitive": false,
                    "type": "string",
                    "value": "i-05b7503ea3ac97755"
                }
            },
            "resources": {
                "aws_instance.cosmos-testbox-region1": {
                    "type": "aws_instance",
                    "depends_on": [
                        "aws_key_pair.cosmos-admin",
                        "aws_security_group.cosmos-vrouter_region1",
                        "aws_subnet.us-west-2a-public"
                    ],
                    "primary": {
                        "id": "i-075edfc199184559a",
                        "attributes": {
                            "ami": "ami-efd0428f",
                            "associate_public_ip_address": "true",
                            "availability_zone": "us-west-2a",
                            "disable_api_termination": "false",
                            "ebs_block_device.#": "0",
                            "ebs_optimized": "false",
                            "ephemeral_block_device.#": "0",
                            "iam_instance_profile": "",
                            "id": "i-075edfc199184559a",
                            "instance_state": "running",
                            "instance_type": "t2.small",
                            "key_name": "cosmos-admin3",
                            "monitoring": "false",
                            "network_interface_id": "eni-f6f672cb",
                            "private_dns": "ip-10-10-1-114.us-west-2.compute.internal",
                            "private_ip": "10.10.1.114",
                            "public_dns": "ec2-54-69-184-134.us-west-2.compute.amazonaws.com",
                            "public_ip": "54.69.184.134",
                            "root_block_device.#": "1",
                            "root_block_device.0.delete_on_termination": "true",
                            "root_block_device.0.iops": "100",
                            "root_block_device.0.volume_size": "8",
                            "root_block_device.0.volume_type": "gp2",
                            "security_groups.#": "0",
                            "source_dest_check": "false",
                            "subnet_id": "subnet-17214b5e",
                            "tags.%": "1",
                            "tags.Name": "cosmos-testbox-TF",
                            "tenancy": "default",
                            "vpc_security_group_ids.#": "1",
                            "vpc_security_group_ids.1087841292": "sg-20ff925b"
                        },
                        "meta": {
                            "schema_version": "1"
                        },
                        "tainted": false
                    },
                    "deposed": [],
                    "provider": "aws.oregon"
                },
                "aws_instance.cosmos-testbox-region2": {
                    "type": "aws_instance",
                    "depends_on": [
                        "aws_key_pair.cosmos-admin_region2",
                        "aws_security_group.cosmos-vrouter-region2",
                        "aws_subnet.us-east-2a-public"
                    ],
                    "primary": {
                        "id": "i-00731fb4bedee8441",
                        "attributes": {
                            "ami": "ami-fcc19b99",
                            "associate_public_ip_address": "true",
                            "availability_zone": "us-east-2a",
                            "disable_api_termination": "false",
                            "ebs_block_device.#": "0",
                            "ebs_optimized": "false",
                            "ephemeral_block_device.#": "0",
                            "iam_instance_profile": "",
                            "id": "i-00731fb4bedee8441",
                            "instance_state": "running",
                            "instance_type": "t2.small",
                            "key_name": "cosmos-admin3",
                            "monitoring": "false",
                            "network_interface_id": "eni-dbcca6b3",
                            "private_dns": "ip-10-15-1-181.us-east-2.compute.internal",
                            "private_ip": "10.15.1.181",
                            "public_dns": "ec2-13-58-23-51.us-east-2.compute.amazonaws.com",
                            "public_ip": "13.58.23.51",
                            "root_block_device.#": "1",
                            "root_block_device.0.delete_on_termination": "true",
                            "root_block_device.0.iops": "100",
                            "root_block_device.0.volume_size": "8",
                            "root_block_device.0.volume_type": "gp2",
                            "security_groups.#": "0",
                            "source_dest_check": "false",
                            "subnet_id": "subnet-41f69128",
                            "tags.%": "1",
                            "tags.Name": "cosmos-testbox-TF",
                            "tenancy": "default",
                            "vpc_security_group_ids.#": "1",
                            "vpc_security_group_ids.100209901": "sg-64297b0d"
                        },
                        "meta": {
                            "schema_version": "1"
                        },
                        "tainted": false
                    },
                    "deposed": [],
                    "provider": "aws.ohio"
                },
                "aws_instance.cosmos-vrouter": {
                    "type": "aws_instance",
                    "depends_on": [
                        "aws_key_pair.cosmos-admin",
                        "aws_route_table.us-west-2a-public",
                        "aws_security_group.cosmos-vrouter_region1",
                        "aws_security_group.cosmos-vrouter_region1",
                        "aws_subnet.us-west-2a-public",
                        "aws_subnet.us-west-2a-public",
                        "aws_vpc.cosmos-vrouter-edgerouter-region1-vpc"
                    ],
                    "primary": {
                        "id": "i-015b7537961ae8fc8",
                        "attributes": {
                            "ami": "ami-efd0428f",
                            "associate_public_ip_address": "true",
                            "availability_zone": "us-west-2a",
                            "disable_api_termination": "false",
                            "ebs_block_device.#": "0",
                            "ebs_optimized": "false",
                            "ephemeral_block_device.#": "0",
                            "iam_instance_profile": "",
                            "id": "i-015b7537961ae8fc8",
                            "instance_state": "running",
                            "instance_type": "t2.small",
                            "key_name": "cosmos-admin3",
                            "monitoring": "false",
                            "network_interface_id": "eni-63fd795e",
                            "private_dns": "ip-10-10-1-173.us-west-2.compute.internal",
                            "private_ip": "10.10.1.173",
                            "public_dns": "ec2-35-163-111-76.us-west-2.compute.amazonaws.com",
                            "public_ip": "35.163.111.76",
                            "root_block_device.#": "1",
                            "root_block_device.0.delete_on_termination": "true",
                            "root_block_device.0.iops": "100",
                            "root_block_device.0.volume_size": "8",
                            "root_block_device.0.volume_type": "gp2",
                            "security_groups.#": "0",
                            "source_dest_check": "false",
                            "subnet_id": "subnet-17214b5e",
                            "tags.%": "1",
                            "tags.Name": "cosmos-vrouter-TF",
                            "tenancy": "default",
                            "vpc_security_group_ids.#": "1",
                            "vpc_security_group_ids.1087841292": "sg-20ff925b"
                        },
                        "meta": {
                            "schema_version": "1"
                        },
                        "tainted": false
                    },
                    "deposed": [],
                    "provider": "aws.oregon"
                },
                "aws_instance.cosmos-vrouter-region2": {
                    "type": "aws_instance",
                    "depends_on": [
                        "aws_key_pair.cosmos-admin_region2",
                        "aws_route_table.us-east-2a-public",
                        "aws_security_group.cosmos-vrouter-region2",
                        "aws_security_group.cosmos-vrouter-region2",
                        "aws_subnet.us-east-2a-public",
                        "aws_subnet.us-east-2a-public",
                        "aws_vpc.cosmos-vrouter-edgerouter-region2-vpc"
                    ],
                    "primary": {
                        "id": "i-05b7503ea3ac97755",
                        "attributes": {
                            "ami": "ami-fcc19b99",
                            "associate_public_ip_address": "true",
                            "availability_zone": "us-east-2a",
                            "disable_api_termination": "false",
                            "ebs_block_device.#": "0",
                            "ebs_optimized": "false",
                            "ephemeral_block_device.#": "0",
                            "iam_instance_profile": "",
                            "id": "i-05b7503ea3ac97755",
                            "instance_state": "running",
                            "instance_type": "t2.small",
                            "key_name": "cosmos-admin3",
                            "monitoring": "false",
                            "network_interface_id": "eni-22c8a24a",
                            "private_dns": "ip-10-15-1-238.us-east-2.compute.internal",
                            "private_ip": "10.15.1.238",
                            "public_dns": "ec2-13-58-96-61.us-east-2.compute.amazonaws.com",
                            "public_ip": "13.58.96.61",
                            "root_block_device.#": "1",
                            "root_block_device.0.delete_on_termination": "true",
                            "root_block_device.0.iops": "100",
                            "root_block_device.0.volume_size": "8",
                            "root_block_device.0.volume_type": "gp2",
                            "security_groups.#": "0",
                            "source_dest_check": "false",
                            "subnet_id": "subnet-41f69128",
                            "tags.%": "1",
                            "tags.Name": "cosmos-vrouter-TF",
                            "tenancy": "default",
                            "vpc_security_group_ids.#": "1",
                            "vpc_security_group_ids.100209901": "sg-64297b0d"
                        },
                        "meta": {
                            "schema_version": "1"
                        },
                        "tainted": false
                    },
                    "deposed": [],
                    "provider": "aws.ohio"
                },
                "aws_internet_gateway.cosmos-vrouter-edgerouter-region1-vpc": {
                    "type": "aws_internet_gateway",
                    "depends_on": [
                        "aws_vpc.cosmos-vrouter-edgerouter-region1-vpc"
                    ],
                    "primary": {
                        "id": "igw-7055ad17",
                        "attributes": {
                            "id": "igw-7055ad17",
                            "vpc_id": "vpc-e2070085"
                        },
                        "meta": {},
                        "tainted": false
                    },
                    "deposed": [],
                    "provider": "aws.oregon"
                },
                "aws_internet_gateway.cosmos-vrouter-edgerouter-region2-vpc": {
                    "type": "aws_internet_gateway",
                    "depends_on": [
                        "aws_vpc.cosmos-vrouter-edgerouter-region2-vpc"
                    ],
                    "primary": {
                        "id": "igw-19922370",
                        "attributes": {
                            "id": "igw-19922370",
                            "vpc_id": "vpc-2daa3a44"
                        },
                        "meta": {},
                        "tainted": false
                    },
                    "deposed": [],
                    "provider": "aws.ohio"
                },
                "aws_key_pair.cosmos-admin": {
                    "type": "aws_key_pair",
                    "depends_on": [],
                    "primary": {
                        "id": "cosmos-admin3",
                        "attributes": {
                            "id": "cosmos-admin3",
                            "key_name": "cosmos-admin3",
                            "public_key": "ssh-rsa AAAAB3NzaC1yc2EAAAADAQABAAABAQDyXBNH/KCBD0gQriYyG+0u+hG/Knbdw8O+KyxZxKUffgpHHsBBKGhY5RFSjPsP5y5xGlWJU9z4N8ikQKQ5D0D9Qihdb70Eeandz30grkACiGNuT7y8DWGvvE/MzYA3a4RiEY3VyravWCBAQ0fKa/c3aSy9HMU1jxfMi4EVUijrULkLFDnjDrKNT4h2u22t5YVXxhMySKiuhyVG4+xXTj8vMffJkbssz1CXN0RU7rWS0cKKRa2ii/iSBS4P/T4ZbzOeKDII2Mzt+CIG8GAsbouIdhMfkd1d1I67CP+7AX3FgYyIU8Yqpjo5NKu5Nf4KTTbB067c4Jm5b+VrMwftFtOD root@ubuntu-xenial"
                        },
                        "meta": {
                            "schema_version": "1"
                        },
                        "tainted": false
                    },
                    "deposed": [],
                    "provider": "aws.oregon"
                },
                "aws_key_pair.cosmos-admin_region2": {
                    "type": "aws_key_pair",
                    "depends_on": [],
                    "primary": {
                        "id": "cosmos-admin3",
                        "attributes": {
                            "id": "cosmos-admin3",
                            "key_name": "cosmos-admin3",
                            "public_key": "ssh-rsa AAAAB3NzaC1yc2EAAAADAQABAAABAQDyXBNH/KCBD0gQriYyG+0u+hG/Knbdw8O+KyxZxKUffgpHHsBBKGhY5RFSjPsP5y5xGlWJU9z4N8ikQKQ5D0D9Qihdb70Eeandz30grkACiGNuT7y8DWGvvE/MzYA3a4RiEY3VyravWCBAQ0fKa/c3aSy9HMU1jxfMi4EVUijrULkLFDnjDrKNT4h2u22t5YVXxhMySKiuhyVG4+xXTj8vMffJkbssz1CXN0RU7rWS0cKKRa2ii/iSBS4P/T4ZbzOeKDII2Mzt+CIG8GAsbouIdhMfkd1d1I67CP+7AX3FgYyIU8Yqpjo5NKu5Nf4KTTbB067c4Jm5b+VrMwftFtOD root@ubuntu-xenial"
                        },
                        "meta": {
                            "schema_version": "1"
                        },
                        "tainted": false
                    },
                    "deposed": [],
                    "provider": "aws.ohio"
                },
                "aws_route.route": {
                    "type": "aws_route",
                    "depends_on": [
                        "aws_instance.cosmos-vrouter",
                        "aws_route_table_association.us-west-2a-public",
                        "aws_vpc.cosmos-vrouter-edgerouter-region2-vpc"
                    ],
                    "primary": {
                        "id": "r-rtb-9c3083fa1444213421",
                        "attributes": {
                            "destination_cidr_block": "10.15.0.0/16",
                            "destination_prefix_list_id": "",
                            "gateway_id": "",
                            "id": "r-rtb-9c3083fa1444213421",
                            "instance_id": "i-015b7537961ae8fc8",
                            "instance_owner_id": "452395698705",
                            "nat_gateway_id": "",
                            "network_interface_id": "eni-63fd795e",
                            "origin": "CreateRoute",
                            "route_table_id": "rtb-9c3083fa",
                            "state": "active",
                            "vpc_peering_connection_id": ""
                        },
                        "meta": {},
                        "tainted": false
                    },
                    "deposed": [],
                    "provider": "aws.oregon"
                },
                "aws_route.route2": {
                    "type": "aws_route",
                    "depends_on": [
                        "aws_instance.cosmos-vrouter-region2",
                        "aws_route_table_association.us-east-2a-public",
                        "aws_vpc.cosmos-vrouter-edgerouter-region1-vpc"
                    ],
                    "primary": {
                        "id": "r-rtb-6687e30f519371977",
                        "attributes": {
                            "destination_cidr_block": "10.10.0.0/16",
                            "destination_prefix_list_id": "",
                            "gateway_id": "",
                            "id": "r-rtb-6687e30f519371977",
                            "instance_id": "i-05b7503ea3ac97755",
                            "instance_owner_id": "452395698705",
                            "nat_gateway_id": "",
                            "network_interface_id": "eni-22c8a24a",
                            "origin": "CreateRoute",
                            "route_table_id": "rtb-6687e30f",
                            "state": "active",
                            "vpc_peering_connection_id": ""
                        },
                        "meta": {},
                        "tainted": false
                    },
                    "deposed": [],
                    "provider": "aws.ohio"
                },
                "aws_route_table.us-east-2a-public": {
                    "type": "aws_route_table",
                    "depends_on": [
                        "aws_internet_gateway.cosmos-vrouter-edgerouter-region2-vpc",
                        "aws_vpc.cosmos-vrouter-edgerouter-region2-vpc"
                    ],
                    "primary": {
                        "id": "rtb-6687e30f",
                        "attributes": {
                            "id": "rtb-6687e30f",
                            "propagating_vgws.#": "0",
                            "route.#": "1",
                            "route.166745321.cidr_block": "0.0.0.0/0",
                            "route.166745321.gateway_id": "igw-19922370",
                            "route.166745321.instance_id": "",
                            "route.166745321.nat_gateway_id": "",
                            "route.166745321.network_interface_id": "",
                            "route.166745321.vpc_peering_connection_id": "",
                            "tags.%": "1",
                            "tags.Name": "Public Subnet",
                            "vpc_id": "vpc-2daa3a44"
                        },
                        "meta": {},
                        "tainted": false
                    },
                    "deposed": [],
                    "provider": "aws.ohio"
                },
                "aws_route_table.us-west-2a-public": {
                    "type": "aws_route_table",
                    "depends_on": [
                        "aws_internet_gateway.cosmos-vrouter-edgerouter-region1-vpc",
                        "aws_vpc.cosmos-vrouter-edgerouter-region1-vpc"
                    ],
                    "primary": {
                        "id": "rtb-9c3083fa",
                        "attributes": {
                            "id": "rtb-9c3083fa",
                            "propagating_vgws.#": "0",
                            "route.#": "1",
                            "route.3063134965.cidr_block": "0.0.0.0/0",
                            "route.3063134965.gateway_id": "igw-7055ad17",
                            "route.3063134965.instance_id": "",
                            "route.3063134965.nat_gateway_id": "",
                            "route.3063134965.network_interface_id": "",
                            "route.3063134965.vpc_peering_connection_id": "",
                            "tags.%": "1",
                            "tags.Name": "Public Subnet",
                            "vpc_id": "vpc-e2070085"
                        },
                        "meta": {},
                        "tainted": false
                    },
                    "deposed": [],
                    "provider": "aws.oregon"
                },
                "aws_route_table_association.us-east-2a-public": {
                    "type": "aws_route_table_association",
                    "depends_on": [
                        "aws_route_table.us-east-2a-public",
                        "aws_subnet.us-east-2a-public"
                    ],
                    "primary": {
                        "id": "rtbassoc-d26729bb",
                        "attributes": {
                            "id": "rtbassoc-d26729bb",
                            "route_table_id": "rtb-6687e30f",
                            "subnet_id": "subnet-41f69128"
                        },
                        "meta": {},
                        "tainted": false
                    },
                    "deposed": [],
                    "provider": "aws.ohio"
                },
                "aws_route_table_association.us-west-2a-public": {
                    "type": "aws_route_table_association",
                    "depends_on": [
                        "aws_route_table.us-west-2a-public",
                        "aws_subnet.us-west-2a-public"
                    ],
                    "primary": {
                        "id": "rtbassoc-2809be51",
                        "attributes": {
                            "id": "rtbassoc-2809be51",
                            "route_table_id": "rtb-9c3083fa",
                            "subnet_id": "subnet-17214b5e"
                        },
                        "meta": {},
                        "tainted": false
                    },
                    "deposed": [],
                    "provider": "aws.oregon"
                },
                "aws_security_group.cosmos-vrouter-region2": {
                    "type": "aws_security_group",
                    "depends_on": [
                        "aws_vpc.cosmos-vrouter-edgerouter-region2-vpc"
                    ],
                    "primary": {
                        "id": "sg-64297b0d",
                        "attributes": {
                            "description": "Allow incoming traffic",
                            "egress.#": "1",
                            "egress.482069346.cidr_blocks.#": "1",
                            "egress.482069346.cidr_blocks.0": "0.0.0.0/0",
                            "egress.482069346.from_port": "0",
                            "egress.482069346.prefix_list_ids.#": "0",
                            "egress.482069346.protocol": "-1",
                            "egress.482069346.security_groups.#": "0",
                            "egress.482069346.self": "false",
                            "egress.482069346.to_port": "0",
                            "id": "sg-64297b0d",
                            "ingress.#": "5",
                            "ingress.2541437006.cidr_blocks.#": "1",
                            "ingress.2541437006.cidr_blocks.0": "0.0.0.0/0",
                            "ingress.2541437006.from_port": "22",
                            "ingress.2541437006.protocol": "tcp",
                            "ingress.2541437006.security_groups.#": "0",
                            "ingress.2541437006.self": "false",
                            "ingress.2541437006.to_port": "22",
                            "ingress.3352683538.cidr_blocks.#": "1",
                            "ingress.3352683538.cidr_blocks.0": "100.64.0.0/10",
                            "ingress.3352683538.from_port": "0",
                            "ingress.3352683538.protocol": "-1",
                            "ingress.3352683538.security_groups.#": "0",
                            "ingress.3352683538.self": "false",
                            "ingress.3352683538.to_port": "0",
                            "ingress.3592795983.cidr_blocks.#": "1",
                            "ingress.3592795983.cidr_blocks.0": "0.0.0.0/0",
                            "ingress.3592795983.from_port": "655",
                            "ingress.3592795983.protocol": "udp",
                            "ingress.3592795983.security_groups.#": "0",
                            "ingress.3592795983.self": "false",
                            "ingress.3592795983.to_port": "655",
                            "ingress.4185655106.cidr_blocks.#": "1",
                            "ingress.4185655106.cidr_blocks.0": "0.0.0.0/0",
                            "ingress.4185655106.from_port": "655",
                            "ingress.4185655106.protocol": "tcp",
                            "ingress.4185655106.security_groups.#": "0",
                            "ingress.4185655106.self": "false",
                            "ingress.4185655106.to_port": "655",
                            "ingress.956249133.cidr_blocks.#": "1",
                            "ingress.956249133.cidr_blocks.0": "10.0.0.0/8",
                            "ingress.956249133.from_port": "0",
                            "ingress.956249133.protocol": "-1",
                            "ingress.956249133.security_groups.#": "0",
                            "ingress.956249133.self": "false",
                            "ingress.956249133.to_port": "0",
                            "name": "cosmos-vrouter-sg",
                            "owner_id": "452395698705",
                            "tags.%": "1",
                            "tags.Name": "cosmos-vrouter-SG",
                            "vpc_id": "vpc-2daa3a44"
                        },
                        "meta": {},
                        "tainted": false
                    },
                    "deposed": [],
                    "provider": "aws.ohio"
                },
                "aws_security_group.cosmos-vrouter_region1": {
                    "type": "aws_security_group",
                    "depends_on": [
                        "aws_vpc.cosmos-vrouter-edgerouter-region1-vpc"
                    ],
                    "primary": {
                        "id": "sg-20ff925b",
                        "attributes": {
                            "description": "Allow incoming traffic",
                            "egress.#": "1",
                            "egress.482069346.cidr_blocks.#": "1",
                            "egress.482069346.cidr_blocks.0": "0.0.0.0/0",
                            "egress.482069346.from_port": "0",
                            "egress.482069346.prefix_list_ids.#": "0",
                            "egress.482069346.protocol": "-1",
                            "egress.482069346.security_groups.#": "0",
                            "egress.482069346.self": "false",
                            "egress.482069346.to_port": "0",
                            "id": "sg-20ff925b",
                            "ingress.#": "5",
                            "ingress.2541437006.cidr_blocks.#": "1",
                            "ingress.2541437006.cidr_blocks.0": "0.0.0.0/0",
                            "ingress.2541437006.from_port": "22",
                            "ingress.2541437006.protocol": "tcp",
                            "ingress.2541437006.security_groups.#": "0",
                            "ingress.2541437006.self": "false",
                            "ingress.2541437006.to_port": "22",
                            "ingress.3352683538.cidr_blocks.#": "1",
                            "ingress.3352683538.cidr_blocks.0": "100.64.0.0/10",
                            "ingress.3352683538.from_port": "0",
                            "ingress.3352683538.protocol": "-1",
                            "ingress.3352683538.security_groups.#": "0",
                            "ingress.3352683538.self": "false",
                            "ingress.3352683538.to_port": "0",
                            "ingress.3592795983.cidr_blocks.#": "1",
                            "ingress.3592795983.cidr_blocks.0": "0.0.0.0/0",
                            "ingress.3592795983.from_port": "655",
                            "ingress.3592795983.protocol": "udp",
                            "ingress.3592795983.security_groups.#": "0",
                            "ingress.3592795983.self": "false",
                            "ingress.3592795983.to_port": "655",
                            "ingress.4185655106.cidr_blocks.#": "1",
                            "ingress.4185655106.cidr_blocks.0": "0.0.0.0/0",
                            "ingress.4185655106.from_port": "655",
                            "ingress.4185655106.protocol": "tcp",
                            "ingress.4185655106.security_groups.#": "0",
                            "ingress.4185655106.self": "false",
                            "ingress.4185655106.to_port": "655",
                            "ingress.956249133.cidr_blocks.#": "1",
                            "ingress.956249133.cidr_blocks.0": "10.0.0.0/8",
                            "ingress.956249133.from_port": "0",
                            "ingress.956249133.protocol": "-1",
                            "ingress.956249133.security_groups.#": "0",
                            "ingress.956249133.self": "false",
                            "ingress.956249133.to_port": "0",
                            "name": "cosmos-vrouter-sg",
                            "owner_id": "452395698705",
                            "tags.%": "1",
                            "tags.Name": "cosmos-vrouter-SG",
                            "vpc_id": "vpc-e2070085"
                        },
                        "meta": {},
                        "tainted": false
                    },
                    "deposed": [],
                    "provider": "aws.oregon"
                },
                "aws_subnet.us-east-2a-public": {
                    "type": "aws_subnet",
                    "depends_on": [
                        "aws_vpc.cosmos-vrouter-edgerouter-region2-vpc"
                    ],
                    "primary": {
                        "id": "subnet-41f69128",
                        "attributes": {
                            "availability_zone": "us-east-2a",
                            "cidr_block": "10.15.1.0/24",
                            "id": "subnet-41f69128",
                            "map_public_ip_on_launch": "false",
                            "tags.%": "1",
                            "tags.Name": "Public Subnet",
                            "vpc_id": "vpc-2daa3a44"
                        },
                        "meta": {},
                        "tainted": false
                    },
                    "deposed": [],
                    "provider": "aws.ohio"
                },
                "aws_subnet.us-west-2a-public": {
                    "type": "aws_subnet",
                    "depends_on": [
                        "aws_vpc.cosmos-vrouter-edgerouter-region1-vpc"
                    ],
                    "primary": {
                        "id": "subnet-17214b5e",
                        "attributes": {
                            "availability_zone": "us-west-2a",
                            "cidr_block": "10.10.1.0/24",
                            "id": "subnet-17214b5e",
                            "map_public_ip_on_launch": "false",
                            "tags.%": "1",
                            "tags.Name": "Public Subnet",
                            "vpc_id": "vpc-e2070085"
                        },
                        "meta": {},
                        "tainted": false
                    },
                    "deposed": [],
                    "provider": "aws.oregon"
                },
                "aws_vpc.cosmos-vrouter-edgerouter-region1-vpc": {
                    "type": "aws_vpc",
                    "depends_on": [],
                    "primary": {
                        "id": "vpc-e2070085",
                        "attributes": {
                            "cidr_block": "10.10.0.0/16",
                            "default_network_acl_id": "acl-e0de2486",
                            "default_route_table_id": "rtb-bb4cffdd",
                            "default_security_group_id": "sg-22ff9259",
                            "dhcp_options_id": "dopt-08210f6d",
                            "enable_classiclink": "false",
                            "enable_dns_hostnames": "true",
                            "enable_dns_support": "true",
                            "id": "vpc-e2070085",
                            "instance_tenancy": "default",
                            "main_route_table_id": "rtb-bb4cffdd",
                            "tags.%": "1",
                            "tags.Name": "cosmos-vrouter-edgerouter-region1-vpc-TF"
                        },
                        "meta": {},
                        "tainted": false
                    },
                    "deposed": [],
                    "provider": "aws.oregon"
                },
                "aws_vpc.cosmos-vrouter-edgerouter-region2-vpc": {
                    "type": "aws_vpc",
                    "depends_on": [],
                    "primary": {
                        "id": "vpc-2daa3a44",
                        "attributes": {
                            "cidr_block": "10.15.0.0/16",
                            "default_network_acl_id": "acl-ee4ad287",
                            "default_route_table_id": "rtb-c785e1ae",
                            "default_security_group_id": "sg-01297b68",
                            "dhcp_options_id": "dopt-65b45c0c",
                            "enable_dns_hostnames": "true",
                            "enable_dns_support": "true",
                            "id": "vpc-2daa3a44",
                            "instance_tenancy": "default",
                            "main_route_table_id": "rtb-c785e1ae",
                            "tags.%": "1",
                            "tags.Name": "cosmos-vrouter-edgerouter-region2-vpc-TF"
                        },
                        "meta": {},
                        "tainted": false
                    },
                    "deposed": [],
                    "provider": "aws.ohio"
                }
            },
            "depends_on": []
        }
    ]
}
