{
    "version": 3,
    "terraform_version": "0.7.13",
    "serial": 28,
    "lineage": "7cf7e078-bc65-4d2c-8590-8be85379899e",
    "modules": [
        {
            "path": [
                "root"
            ],
            "outputs": {},
            "resources": {
                "aws_iam_instance_profile.cosmos_instance_profile": {
                    "type": "aws_iam_instance_profile",
                    "depends_on": [],
                    "primary": {
                        "id": "cosmos_instance_profile",
                        "attributes": {
                            "arn": "arn:aws:iam::452395698705:instance-profile/cosmos_instance_profile",
                            "id": "cosmos_instance_profile",
                            "name": "cosmos_instance_profile",
                            "path": "/",
                            "roles.#": "1",
                            "roles.1018894941": "cosmos_role"
                        },
                        "meta": {},
                        "tainted": false
                    },
                    "deposed": [],
                    "provider": "aws.oregon"
                },
                "aws_iam_role.cosmos_role": {
                    "type": "aws_iam_role",
                    "depends_on": [],
                    "primary": {
                        "id": "cosmos_role",
                        "attributes": {
                            "arn": "arn:aws:iam::452395698705:role/cosmos_role",
                            "assume_role_policy": "{\n \"Version\": \"2012-10-17\",\n \"Statement\": [\n\t{\t\t      \n      \"Action\": \"sts:AssumeRole\",\n      \"Principal\": {\n      \"Service\": \"ec2.amazonaws.com\"\n    },\n  \"Effect\": \"Allow\",\n  \"Sid\": \"\"\n\t}\n  ]\n}\t\t",
                            "create_date": "2017-05-15T16:56:59Z",
                            "id": "cosmos_role",
                            "name": "cosmos_role",
                            "path": "/",
                            "unique_id": "AROAJH2OJQUE5FXI35W54"
                        },
                        "meta": {},
                        "tainted": false
                    },
                    "deposed": [],
                    "provider": "aws.oregon"
                },
                "aws_iam_role_policy.cosmos_iam_role_policy": {
                    "type": "aws_iam_role_policy",
                    "depends_on": [
                        "aws_iam_role.cosmos_role"
                    ],
                    "primary": {
                        "id": "cosmos_role:cosmos_iam_role_policy",
                        "attributes": {
                            "id": "cosmos_role:cosmos_iam_role_policy",
                            "name": "cosmos_iam_role_policy",
                            "policy": "{\n    \"Version\": \"2012-10-17\",\n    \"Statement\":[{\n    \"Effect\":\"Allow\",\n    \"Action\": [\n       \"ec2:AuthorizeSecurityGroupIngress\",\n       \"ec2:AuthorizeSecurityGroupEgress\",\n       \"ec2:RevokeSecurityGroupIngress\",\n       \"ec2:RevokeSecurityGroupEgress\"],\n     \"Resource\": \"arn:aws:ec2:region:account:security-group/*\",\n        \"Condition\": {\n            \"StringEquals\": {\n                \"ec2:RequestTag/environment\": \"cosmos-test\"\n            },\n            \"ForAllValues:StringEquals\": {\n                \"aws:TagKeys\": [\n                    \"environment\"\n                ]\n            }\n        }\n    },\n    {\n      \"Effect\": \"Allow\",\n      \"Action\": \"ec2:DescribeSecurityGroups\",\n      \"Resource\": \"*\",\n        \"Condition\": {\n            \"StringEquals\": {\n                \"ec2:RequestTag/environment\": \"cosmos-test\"\n            },\n            \"ForAllValues:StringEquals\": {\n                \"aws:TagKeys\": [\n                    \"environment\"\n                ]\n            }\n        }\n    }\n  ]\n}\n",
                            "role": "cosmos_role"
                        },
                        "meta": {},
                        "tainted": false
                    },
                    "deposed": [],
                    "provider": "aws.oregon"
                },
                "aws_instance.cosmos-testbox-region1": {
                    "type": "aws_instance",
                    "depends_on": [
                        "aws_key_pair.cosmos-admin",
                        "aws_security_group.cosmos-vrouter_region1",
                        "aws_subnet.us-west-2a-public"
                    ],
                    "primary": {
                        "id": "i-0e3b53a73f3db16ca",
                        "attributes": {
                            "ami": "ami-efd0428f",
                            "associate_public_ip_address": "true",
                            "availability_zone": "us-west-2a",
                            "disable_api_termination": "false",
                            "ebs_block_device.#": "0",
                            "ebs_optimized": "false",
                            "ephemeral_block_device.#": "0",
                            "iam_instance_profile": "",
                            "id": "i-0e3b53a73f3db16ca",
                            "instance_state": "running",
                            "instance_type": "t2.small",
                            "key_name": "cosmos-admin3",
                            "monitoring": "false",
                            "network_interface_id": "eni-e14320dc",
                            "private_dns": "ip-10-10-1-110.us-west-2.compute.internal",
                            "private_ip": "10.10.1.110",
                            "public_dns": "ec2-54-69-246-96.us-west-2.compute.amazonaws.com",
                            "public_ip": "54.69.246.96",
                            "root_block_device.#": "1",
                            "root_block_device.0.delete_on_termination": "true",
                            "root_block_device.0.iops": "100",
                            "root_block_device.0.volume_size": "8",
                            "root_block_device.0.volume_type": "gp2",
                            "security_groups.#": "0",
                            "source_dest_check": "false",
                            "subnet_id": "subnet-6ea6d727",
                            "tags.%": "1",
                            "tags.Name": "cosmos-testbox-TF",
                            "tenancy": "default",
                            "vpc_security_group_ids.#": "1",
                            "vpc_security_group_ids.380344715": "sg-94d7a4ef"
                        },
                        "meta": {
                            "schema_version": "1"
                        },
                        "tainted": false
                    },
                    "deposed": [],
                    "provider": "aws.oregon"
                },
                "aws_instance.cosmos-testbox-region2": {
                    "type": "aws_instance",
                    "depends_on": [
                        "aws_key_pair.cosmos-admin_region2",
                        "aws_security_group.cosmos-vrouter-region2",
                        "aws_subnet.us-east-2a-public"
                    ],
                    "primary": {
                        "id": "i-0acc6df425f2e7b88",
                        "attributes": {
                            "ami": "ami-fcc19b99",
                            "associate_public_ip_address": "true",
                            "availability_zone": "us-east-2a",
                            "disable_api_termination": "false",
                            "ebs_block_device.#": "0",
                            "ebs_optimized": "false",
                            "ephemeral_block_device.#": "0",
                            "iam_instance_profile": "",
                            "id": "i-0acc6df425f2e7b88",
                            "instance_state": "running",
                            "instance_type": "t2.small",
                            "key_name": "cosmos-admin3",
                            "monitoring": "false",
                            "network_interface_id": "eni-bebec3d6",
                            "private_dns": "ip-10-15-1-238.us-east-2.compute.internal",
                            "private_ip": "10.15.1.238",
                            "public_dns": "ec2-13-58-14-18.us-east-2.compute.amazonaws.com",
                            "public_ip": "13.58.14.18",
                            "root_block_device.#": "1",
                            "root_block_device.0.delete_on_termination": "true",
                            "root_block_device.0.iops": "100",
                            "root_block_device.0.volume_size": "8",
                            "root_block_device.0.volume_type": "gp2",
                            "security_groups.#": "0",
                            "source_dest_check": "false",
                            "subnet_id": "subnet-824c2ceb",
                            "tags.%": "1",
                            "tags.Name": "cosmos-testbox-TF",
                            "tenancy": "default",
                            "vpc_security_group_ids.#": "1",
                            "vpc_security_group_ids.2187200328": "sg-33b9e75a"
                        },
                        "meta": {
                            "schema_version": "1"
                        },
                        "tainted": false
                    },
                    "deposed": [],
                    "provider": "aws.ohio"
                },
                "aws_instance.cosmos-vrouter": {
                    "type": "aws_instance",
                    "depends_on": [
                        "aws_iam_instance_profile.cosmos_instance_profile",
                        "aws_key_pair.cosmos-admin",
                        "aws_route_table.us-west-2a-public",
                        "aws_security_group.cosmos-vrouter_region1",
                        "aws_security_group.cosmos-vrouter_region1",
                        "aws_subnet.us-west-2a-public",
                        "aws_subnet.us-west-2a-public",
                        "aws_vpc.cosmos-vrouter-edgerouter-region1-vpc"
                    ],
                    "primary": {
                        "id": "i-03b6824ceb0d5e273",
                        "attributes": {
                            "ami": "ami-efd0428f",
                            "associate_public_ip_address": "true",
                            "availability_zone": "us-west-2a",
                            "disable_api_termination": "false",
                            "ebs_block_device.#": "0",
                            "ebs_optimized": "false",
                            "ephemeral_block_device.#": "0",
                            "iam_instance_profile": "cosmos_instance_profile",
                            "id": "i-03b6824ceb0d5e273",
                            "instance_state": "running",
                            "instance_type": "t2.small",
                            "key_name": "cosmos-admin3",
                            "monitoring": "false",
                            "network_interface_id": "eni-2741221a",
                            "private_dns": "ip-10-10-1-131.us-west-2.compute.internal",
                            "private_ip": "10.10.1.131",
                            "public_dns": "ec2-52-32-23-28.us-west-2.compute.amazonaws.com",
                            "public_ip": "52.32.23.28",
                            "root_block_device.#": "1",
                            "root_block_device.0.delete_on_termination": "true",
                            "root_block_device.0.iops": "100",
                            "root_block_device.0.volume_size": "8",
                            "root_block_device.0.volume_type": "gp2",
                            "security_groups.#": "0",
                            "source_dest_check": "false",
                            "subnet_id": "subnet-6ea6d727",
                            "tags.%": "1",
                            "tags.Name": "cosmos-vrouter-TF",
                            "tenancy": "default",
                            "vpc_security_group_ids.#": "1",
                            "vpc_security_group_ids.380344715": "sg-94d7a4ef"
                        },
                        "meta": {
                            "schema_version": "1"
                        },
                        "tainted": false
                    },
                    "deposed": [],
                    "provider": "aws.oregon"
                },
                "aws_instance.cosmos-vrouter-region2": {
                    "type": "aws_instance",
                    "depends_on": [
                        "aws_key_pair.cosmos-admin_region2",
                        "aws_route_table.us-east-2a-public",
                        "aws_security_group.cosmos-vrouter-region2",
                        "aws_security_group.cosmos-vrouter-region2",
                        "aws_subnet.us-east-2a-public",
                        "aws_subnet.us-east-2a-public",
                        "aws_vpc.cosmos-vrouter-edgerouter-region2-vpc"
                    ],
                    "primary": {
                        "id": "i-08da089f3e99e5a5d",
                        "attributes": {
                            "ami": "ami-fcc19b99",
                            "associate_public_ip_address": "true",
                            "availability_zone": "us-east-2a",
                            "disable_api_termination": "false",
                            "ebs_block_device.#": "0",
                            "ebs_optimized": "false",
                            "ephemeral_block_device.#": "0",
                            "iam_instance_profile": "",
                            "id": "i-08da089f3e99e5a5d",
                            "instance_state": "running",
                            "instance_type": "t2.small",
                            "key_name": "cosmos-admin3",
                            "monitoring": "false",
                            "network_interface_id": "eni-72403d1a",
                            "private_dns": "ip-10-15-1-175.us-east-2.compute.internal",
                            "private_ip": "10.15.1.175",
                            "public_dns": "ec2-52-14-253-199.us-east-2.compute.amazonaws.com",
                            "public_ip": "52.14.253.199",
                            "root_block_device.#": "1",
                            "root_block_device.0.delete_on_termination": "true",
                            "root_block_device.0.iops": "100",
                            "root_block_device.0.volume_size": "8",
                            "root_block_device.0.volume_type": "gp2",
                            "security_groups.#": "0",
                            "source_dest_check": "false",
                            "subnet_id": "subnet-824c2ceb",
                            "tags.%": "1",
                            "tags.Name": "cosmos-vrouter-TF",
                            "tenancy": "default",
                            "vpc_security_group_ids.#": "1",
                            "vpc_security_group_ids.2187200328": "sg-33b9e75a"
                        },
                        "meta": {
                            "schema_version": "1"
                        },
                        "tainted": false
                    },
                    "deposed": [],
                    "provider": "aws.ohio"
                },
                "aws_internet_gateway.cosmos-vrouter-edgerouter-region1-vpc": {
                    "type": "aws_internet_gateway",
                    "depends_on": [
                        "aws_vpc.cosmos-vrouter-edgerouter-region1-vpc"
                    ],
                    "primary": {
                        "id": "igw-de9a5cb9",
                        "attributes": {
                            "id": "igw-de9a5cb9",
                            "vpc_id": "vpc-a6b9bbc1"
                        },
                        "meta": {},
                        "tainted": false
                    },
                    "deposed": [],
                    "provider": "aws.oregon"
                },
                "aws_internet_gateway.cosmos-vrouter-edgerouter-region2-vpc": {
                    "type": "aws_internet_gateway",
                    "depends_on": [
                        "aws_vpc.cosmos-vrouter-edgerouter-region2-vpc"
                    ],
                    "primary": {
                        "id": "igw-ef9e2d86",
                        "attributes": {
                            "id": "igw-ef9e2d86",
                            "vpc_id": "vpc-59c65b30"
                        },
                        "meta": {},
                        "tainted": false
                    },
                    "deposed": [],
                    "provider": "aws.ohio"
                },
                "aws_key_pair.cosmos-admin": {
                    "type": "aws_key_pair",
                    "depends_on": [],
                    "primary": {
                        "id": "cosmos-admin3",
                        "attributes": {
                            "id": "cosmos-admin3",
                            "key_name": "cosmos-admin3",
                            "public_key": "ssh-rsa AAAAB3NzaC1yc2EAAAADAQABAAABAQDyXBNH/KCBD0gQriYyG+0u+hG/Knbdw8O+KyxZxKUffgpHHsBBKGhY5RFSjPsP5y5xGlWJU9z4N8ikQKQ5D0D9Qihdb70Eeandz30grkACiGNuT7y8DWGvvE/MzYA3a4RiEY3VyravWCBAQ0fKa/c3aSy9HMU1jxfMi4EVUijrULkLFDnjDrKNT4h2u22t5YVXxhMySKiuhyVG4+xXTj8vMffJkbssz1CXN0RU7rWS0cKKRa2ii/iSBS4P/T4ZbzOeKDII2Mzt+CIG8GAsbouIdhMfkd1d1I67CP+7AX3FgYyIU8Yqpjo5NKu5Nf4KTTbB067c4Jm5b+VrMwftFtOD root@ubuntu-xenial"
                        },
                        "meta": {
                            "schema_version": "1"
                        },
                        "tainted": false
                    },
                    "deposed": [],
                    "provider": "aws.oregon"
                },
                "aws_key_pair.cosmos-admin_region2": {
                    "type": "aws_key_pair",
                    "depends_on": [],
                    "primary": {
                        "id": "cosmos-admin3",
                        "attributes": {
                            "id": "cosmos-admin3",
                            "key_name": "cosmos-admin3",
                            "public_key": "ssh-rsa AAAAB3NzaC1yc2EAAAADAQABAAABAQDyXBNH/KCBD0gQriYyG+0u+hG/Knbdw8O+KyxZxKUffgpHHsBBKGhY5RFSjPsP5y5xGlWJU9z4N8ikQKQ5D0D9Qihdb70Eeandz30grkACiGNuT7y8DWGvvE/MzYA3a4RiEY3VyravWCBAQ0fKa/c3aSy9HMU1jxfMi4EVUijrULkLFDnjDrKNT4h2u22t5YVXxhMySKiuhyVG4+xXTj8vMffJkbssz1CXN0RU7rWS0cKKRa2ii/iSBS4P/T4ZbzOeKDII2Mzt+CIG8GAsbouIdhMfkd1d1I67CP+7AX3FgYyIU8Yqpjo5NKu5Nf4KTTbB067c4Jm5b+VrMwftFtOD root@ubuntu-xenial"
                        },
                        "meta": {
                            "schema_version": "1"
                        },
                        "tainted": false
                    },
                    "deposed": [],
                    "provider": "aws.ohio"
                },
                "aws_route.route": {
                    "type": "aws_route",
                    "depends_on": [
                        "aws_instance.cosmos-vrouter",
                        "aws_route_table_association.us-west-2a-public",
                        "aws_vpc.cosmos-vrouter-edgerouter-region2-vpc"
                    ],
                    "primary": {
                        "id": "r-rtb-e7ed56811444213421",
                        "attributes": {
                            "destination_cidr_block": "10.15.0.0/16",
                            "destination_prefix_list_id": "",
                            "gateway_id": "",
                            "id": "r-rtb-e7ed56811444213421",
                            "instance_id": "i-03b6824ceb0d5e273",
                            "instance_owner_id": "452395698705",
                            "nat_gateway_id": "",
                            "network_interface_id": "eni-2741221a",
                            "origin": "CreateRoute",
                            "route_table_id": "rtb-e7ed5681",
                            "state": "active",
                            "vpc_peering_connection_id": ""
                        },
                        "meta": {},
                        "tainted": false
                    },
                    "deposed": [],
                    "provider": "aws.oregon"
                },
                "aws_route.route2": {
                    "type": "aws_route",
                    "depends_on": [
                        "aws_instance.cosmos-vrouter-region2",
                        "aws_route_table_association.us-east-2a-public",
                        "aws_vpc.cosmos-vrouter-edgerouter-region1-vpc"
                    ],
                    "primary": {
                        "id": "r-rtb-b1e687d8519371977",
                        "attributes": {
                            "destination_cidr_block": "10.10.0.0/16",
                            "destination_prefix_list_id": "",
                            "gateway_id": "",
                            "id": "r-rtb-b1e687d8519371977",
                            "instance_id": "i-08da089f3e99e5a5d",
                            "instance_owner_id": "452395698705",
                            "nat_gateway_id": "",
                            "network_interface_id": "eni-72403d1a",
                            "origin": "CreateRoute",
                            "route_table_id": "rtb-b1e687d8",
                            "state": "active",
                            "vpc_peering_connection_id": ""
                        },
                        "meta": {},
                        "tainted": false
                    },
                    "deposed": [],
                    "provider": "aws.ohio"
                },
                "aws_route_table.us-east-2a-public": {
                    "type": "aws_route_table",
                    "depends_on": [
                        "aws_internet_gateway.cosmos-vrouter-edgerouter-region2-vpc",
                        "aws_vpc.cosmos-vrouter-edgerouter-region2-vpc"
                    ],
                    "primary": {
                        "id": "rtb-b1e687d8",
                        "attributes": {
                            "id": "rtb-b1e687d8",
                            "propagating_vgws.#": "0",
                            "route.#": "1",
                            "route.2853582953.cidr_block": "0.0.0.0/0",
                            "route.2853582953.gateway_id": "igw-ef9e2d86",
                            "route.2853582953.instance_id": "",
                            "route.2853582953.nat_gateway_id": "",
                            "route.2853582953.network_interface_id": "",
                            "route.2853582953.vpc_peering_connection_id": "",
                            "tags.%": "1",
                            "tags.Name": "Public Subnet",
                            "vpc_id": "vpc-59c65b30"
                        },
                        "meta": {},
                        "tainted": false
                    },
                    "deposed": [],
                    "provider": "aws.ohio"
                },
                "aws_route_table.us-west-2a-public": {
                    "type": "aws_route_table",
                    "depends_on": [
                        "aws_internet_gateway.cosmos-vrouter-edgerouter-region1-vpc",
                        "aws_vpc.cosmos-vrouter-edgerouter-region1-vpc"
                    ],
                    "primary": {
                        "id": "rtb-e7ed5681",
                        "attributes": {
                            "id": "rtb-e7ed5681",
                            "propagating_vgws.#": "0",
                            "route.#": "1",
                            "route.295891866.cidr_block": "0.0.0.0/0",
                            "route.295891866.gateway_id": "igw-de9a5cb9",
                            "route.295891866.instance_id": "",
                            "route.295891866.nat_gateway_id": "",
                            "route.295891866.network_interface_id": "",
                            "route.295891866.vpc_peering_connection_id": "",
                            "tags.%": "1",
                            "tags.Name": "Public Subnet",
                            "vpc_id": "vpc-a6b9bbc1"
                        },
                        "meta": {},
                        "tainted": false
                    },
                    "deposed": [],
                    "provider": "aws.oregon"
                },
                "aws_route_table_association.us-east-2a-public": {
                    "type": "aws_route_table_association",
                    "depends_on": [
                        "aws_route_table.us-east-2a-public",
                        "aws_subnet.us-east-2a-public"
                    ],
                    "primary": {
                        "id": "rtbassoc-de6b21b7",
                        "attributes": {
                            "id": "rtbassoc-de6b21b7",
                            "route_table_id": "rtb-b1e687d8",
                            "subnet_id": "subnet-824c2ceb"
                        },
                        "meta": {},
                        "tainted": false
                    },
                    "deposed": [],
                    "provider": "aws.ohio"
                },
                "aws_route_table_association.us-west-2a-public": {
                    "type": "aws_route_table_association",
                    "depends_on": [
                        "aws_route_table.us-west-2a-public",
                        "aws_subnet.us-west-2a-public"
                    ],
                    "primary": {
                        "id": "rtbassoc-9bc47de2",
                        "attributes": {
                            "id": "rtbassoc-9bc47de2",
                            "route_table_id": "rtb-e7ed5681",
                            "subnet_id": "subnet-6ea6d727"
                        },
                        "meta": {},
                        "tainted": false
                    },
                    "deposed": [],
                    "provider": "aws.oregon"
                },
                "aws_security_group.cosmos-vrouter-region2": {
                    "type": "aws_security_group",
                    "depends_on": [
                        "aws_vpc.cosmos-vrouter-edgerouter-region2-vpc"
                    ],
                    "primary": {
                        "id": "sg-33b9e75a",
                        "attributes": {
                            "description": "Allow incoming traffic",
                            "egress.#": "1",
                            "egress.482069346.cidr_blocks.#": "1",
                            "egress.482069346.cidr_blocks.0": "0.0.0.0/0",
                            "egress.482069346.from_port": "0",
                            "egress.482069346.prefix_list_ids.#": "0",
                            "egress.482069346.protocol": "-1",
                            "egress.482069346.security_groups.#": "0",
                            "egress.482069346.self": "false",
                            "egress.482069346.to_port": "0",
                            "id": "sg-33b9e75a",
                            "ingress.#": "5",
                            "ingress.2541437006.cidr_blocks.#": "1",
                            "ingress.2541437006.cidr_blocks.0": "0.0.0.0/0",
                            "ingress.2541437006.from_port": "22",
                            "ingress.2541437006.protocol": "tcp",
                            "ingress.2541437006.security_groups.#": "0",
                            "ingress.2541437006.self": "false",
                            "ingress.2541437006.to_port": "22",
                            "ingress.3352683538.cidr_blocks.#": "1",
                            "ingress.3352683538.cidr_blocks.0": "100.64.0.0/10",
                            "ingress.3352683538.from_port": "0",
                            "ingress.3352683538.protocol": "-1",
                            "ingress.3352683538.security_groups.#": "0",
                            "ingress.3352683538.self": "false",
                            "ingress.3352683538.to_port": "0",
                            "ingress.3592795983.cidr_blocks.#": "1",
                            "ingress.3592795983.cidr_blocks.0": "0.0.0.0/0",
                            "ingress.3592795983.from_port": "655",
                            "ingress.3592795983.protocol": "udp",
                            "ingress.3592795983.security_groups.#": "0",
                            "ingress.3592795983.self": "false",
                            "ingress.3592795983.to_port": "655",
                            "ingress.4185655106.cidr_blocks.#": "1",
                            "ingress.4185655106.cidr_blocks.0": "0.0.0.0/0",
                            "ingress.4185655106.from_port": "655",
                            "ingress.4185655106.protocol": "tcp",
                            "ingress.4185655106.security_groups.#": "0",
                            "ingress.4185655106.self": "false",
                            "ingress.4185655106.to_port": "655",
                            "ingress.956249133.cidr_blocks.#": "1",
                            "ingress.956249133.cidr_blocks.0": "10.0.0.0/8",
                            "ingress.956249133.from_port": "0",
                            "ingress.956249133.protocol": "-1",
                            "ingress.956249133.security_groups.#": "0",
                            "ingress.956249133.self": "false",
                            "ingress.956249133.to_port": "0",
                            "name": "cosmos-vrouter-sg",
                            "owner_id": "452395698705",
                            "tags.%": "1",
                            "tags.Name": "cosmos-vrouter-SG",
                            "vpc_id": "vpc-59c65b30"
                        },
                        "meta": {},
                        "tainted": false
                    },
                    "deposed": [],
                    "provider": "aws.ohio"
                },
                "aws_security_group.cosmos-vrouter_region1": {
                    "type": "aws_security_group",
                    "depends_on": [
                        "aws_vpc.cosmos-vrouter-edgerouter-region1-vpc"
                    ],
                    "primary": {
                        "id": "sg-94d7a4ef",
                        "attributes": {
                            "description": "Allow incoming traffic",
                            "egress.#": "1",
                            "egress.482069346.cidr_blocks.#": "1",
                            "egress.482069346.cidr_blocks.0": "0.0.0.0/0",
                            "egress.482069346.from_port": "0",
                            "egress.482069346.prefix_list_ids.#": "0",
                            "egress.482069346.protocol": "-1",
                            "egress.482069346.security_groups.#": "0",
                            "egress.482069346.self": "false",
                            "egress.482069346.to_port": "0",
                            "id": "sg-94d7a4ef",
                            "ingress.#": "5",
                            "ingress.2541437006.cidr_blocks.#": "1",
                            "ingress.2541437006.cidr_blocks.0": "0.0.0.0/0",
                            "ingress.2541437006.from_port": "22",
                            "ingress.2541437006.protocol": "tcp",
                            "ingress.2541437006.security_groups.#": "0",
                            "ingress.2541437006.self": "false",
                            "ingress.2541437006.to_port": "22",
                            "ingress.3352683538.cidr_blocks.#": "1",
                            "ingress.3352683538.cidr_blocks.0": "100.64.0.0/10",
                            "ingress.3352683538.from_port": "0",
                            "ingress.3352683538.protocol": "-1",
                            "ingress.3352683538.security_groups.#": "0",
                            "ingress.3352683538.self": "false",
                            "ingress.3352683538.to_port": "0",
                            "ingress.3592795983.cidr_blocks.#": "1",
                            "ingress.3592795983.cidr_blocks.0": "0.0.0.0/0",
                            "ingress.3592795983.from_port": "655",
                            "ingress.3592795983.protocol": "udp",
                            "ingress.3592795983.security_groups.#": "0",
                            "ingress.3592795983.self": "false",
                            "ingress.3592795983.to_port": "655",
                            "ingress.4185655106.cidr_blocks.#": "1",
                            "ingress.4185655106.cidr_blocks.0": "0.0.0.0/0",
                            "ingress.4185655106.from_port": "655",
                            "ingress.4185655106.protocol": "tcp",
                            "ingress.4185655106.security_groups.#": "0",
                            "ingress.4185655106.self": "false",
                            "ingress.4185655106.to_port": "655",
                            "ingress.956249133.cidr_blocks.#": "1",
                            "ingress.956249133.cidr_blocks.0": "10.0.0.0/8",
                            "ingress.956249133.from_port": "0",
                            "ingress.956249133.protocol": "-1",
                            "ingress.956249133.security_groups.#": "0",
                            "ingress.956249133.self": "false",
                            "ingress.956249133.to_port": "0",
                            "name": "cosmos-vrouter-sg",
                            "owner_id": "452395698705",
                            "tags.%": "2",
                            "tags.Name": "cosmos-vrouter-SG",
                            "tags.environment": "cosmos-test",
                            "vpc_id": "vpc-a6b9bbc1"
                        },
                        "meta": {},
                        "tainted": false
                    },
                    "deposed": [],
                    "provider": "aws.oregon"
                },
                "aws_subnet.us-east-2a-public": {
                    "type": "aws_subnet",
                    "depends_on": [
                        "aws_vpc.cosmos-vrouter-edgerouter-region2-vpc"
                    ],
                    "primary": {
                        "id": "subnet-824c2ceb",
                        "attributes": {
                            "availability_zone": "us-east-2a",
                            "cidr_block": "10.15.1.0/24",
                            "id": "subnet-824c2ceb",
                            "map_public_ip_on_launch": "false",
                            "tags.%": "1",
                            "tags.Name": "Public Subnet",
                            "vpc_id": "vpc-59c65b30"
                        },
                        "meta": {},
                        "tainted": false
                    },
                    "deposed": [],
                    "provider": "aws.ohio"
                },
                "aws_subnet.us-west-2a-public": {
                    "type": "aws_subnet",
                    "depends_on": [
                        "aws_vpc.cosmos-vrouter-edgerouter-region1-vpc"
                    ],
                    "primary": {
                        "id": "subnet-6ea6d727",
                        "attributes": {
                            "availability_zone": "us-west-2a",
                            "cidr_block": "10.10.1.0/24",
                            "id": "subnet-6ea6d727",
                            "map_public_ip_on_launch": "false",
                            "tags.%": "1",
                            "tags.Name": "Public Subnet",
                            "vpc_id": "vpc-a6b9bbc1"
                        },
                        "meta": {},
                        "tainted": false
                    },
                    "deposed": [],
                    "provider": "aws.oregon"
                },
                "aws_vpc.cosmos-vrouter-edgerouter-region1-vpc": {
                    "type": "aws_vpc",
                    "depends_on": [],
                    "primary": {
                        "id": "vpc-a6b9bbc1",
                        "attributes": {
                            "cidr_block": "10.10.0.0/16",
                            "default_network_acl_id": "acl-c08a49a6",
                            "default_route_table_id": "rtb-19ed567f",
                            "default_security_group_id": "sg-dfd6a5a4",
                            "dhcp_options_id": "dopt-08210f6d",
                            "enable_classiclink": "false",
                            "enable_dns_hostnames": "true",
                            "enable_dns_support": "true",
                            "id": "vpc-a6b9bbc1",
                            "instance_tenancy": "default",
                            "main_route_table_id": "rtb-19ed567f",
                            "tags.%": "1",
                            "tags.Name": "cosmos-vrouter-edgerouter-region1-vpc-TF"
                        },
                        "meta": {},
                        "tainted": false
                    },
                    "deposed": [],
                    "provider": "aws.oregon"
                },
                "aws_vpc.cosmos-vrouter-edgerouter-region2-vpc": {
                    "type": "aws_vpc",
                    "depends_on": [],
                    "primary": {
                        "id": "vpc-59c65b30",
                        "attributes": {
                            "cidr_block": "10.15.0.0/16",
                            "default_network_acl_id": "acl-d2adc8bb",
                            "default_route_table_id": "rtb-31e28358",
                            "default_security_group_id": "sg-ffbde396",
                            "dhcp_options_id": "dopt-65b45c0c",
                            "enable_dns_hostnames": "true",
                            "enable_dns_support": "true",
                            "id": "vpc-59c65b30",
                            "instance_tenancy": "default",
                            "main_route_table_id": "rtb-31e28358",
                            "tags.%": "1",
                            "tags.Name": "cosmos-vrouter-edgerouter-region2-vpc-TF"
                        },
                        "meta": {},
                        "tainted": false
                    },
                    "deposed": [],
                    "provider": "aws.ohio"
                }
            },
            "depends_on": []
        }
    ]
}
