{
    "version": 3,
    "terraform_version": "0.7.13",
    "serial": 6,
    "lineage": "6635e36c-47a9-4951-bbd2-90c7e6707224",
    "modules": [
        {
            "path": [
                "root"
            ],
            "outputs": {},
            "resources": {
                "aws_internet_gateway.cosmos-vrouter-edgerouter-canada-vpc": {
                    "type": "aws_internet_gateway",
                    "depends_on": [
                        "aws_vpc.cosmos-vrouter-edgerouter-canada-vpc"
                    ],
                    "primary": {
                        "id": "igw-05fe0762",
                        "attributes": {
                            "id": "igw-05fe0762",
                            "vpc_id": "vpc-851e1be2"
                        },
                        "meta": {},
                        "tainted": false
                    },
                    "deposed": [],
                    "provider": ""
                },
                "aws_key_pair.cosmos-admin_canada": {
                    "type": "aws_key_pair",
                    "depends_on": [],
                    "primary": {
                        "id": "cosmos-admin2",
                        "attributes": {
                            "id": "cosmos-admin2",
                            "key_name": "cosmos-admin2",
                            "public_key": "ssh-rsa AAAAB3NzaC1yc2EAAAADAQABAAABAQDyXBNH/KCBD0gQriYyG+0u+hG/Knbdw8O+KyxZxKUffgpHHsBBKGhY5RFSjPsP5y5xGlWJU9z4N8ikQKQ5D0D9Qihdb70Eeandz30grkACiGNuT7y8DWGvvE/MzYA3a4RiEY3VyravWCBAQ0fKa/c3aSy9HMU1jxfMi4EVUijrULkLFDnjDrKNT4h2u22t5YVXxhMySKiuhyVG4+xXTj8vMffJkbssz1CXN0RU7rWS0cKKRa2ii/iSBS4P/T4ZbzOeKDII2Mzt+CIG8GAsbouIdhMfkd1d1I67CP+7AX3FgYyIU8Yqpjo5NKu5Nf4KTTbB067c4Jm5b+VrMwftFtOD root@ubuntu-xenial"
                        },
                        "meta": {
                            "schema_version": "1"
                        },
                        "tainted": false
                    },
                    "deposed": [],
                    "provider": ""
                },
                "aws_route_table.ca-central-1a-public": {
                    "type": "aws_route_table",
                    "depends_on": [
                        "aws_internet_gateway.cosmos-vrouter-edgerouter-canada-vpc",
                        "aws_vpc.cosmos-vrouter-edgerouter-canada-vpc"
                    ],
                    "primary": {
                        "id": "rtb-4daf1e2b",
                        "attributes": {
                            "id": "rtb-4daf1e2b",
                            "propagating_vgws.#": "0",
                            "route.#": "1",
                            "route.551680253.cidr_block": "0.0.0.0/0",
                            "route.551680253.gateway_id": "igw-05fe0762",
                            "route.551680253.instance_id": "",
                            "route.551680253.nat_gateway_id": "",
                            "route.551680253.network_interface_id": "",
                            "route.551680253.vpc_peering_connection_id": "",
                            "tags.%": "1",
                            "tags.Name": "Public Subnet",
                            "vpc_id": "vpc-851e1be2"
                        },
                        "meta": {},
                        "tainted": false
                    },
                    "deposed": [],
                    "provider": ""
                },
                "aws_security_group.cosmos-vrouter_canada": {
                    "type": "aws_security_group",
                    "depends_on": [
                        "aws_vpc.cosmos-vrouter-edgerouter-canada-vpc"
                    ],
                    "primary": {
                        "id": "sg-d86a0ba3",
                        "attributes": {
                            "description": "Allow incoming traffic",
                            "egress.#": "1",
                            "egress.482069346.cidr_blocks.#": "1",
                            "egress.482069346.cidr_blocks.0": "0.0.0.0/0",
                            "egress.482069346.from_port": "0",
                            "egress.482069346.prefix_list_ids.#": "0",
                            "egress.482069346.protocol": "-1",
                            "egress.482069346.security_groups.#": "0",
                            "egress.482069346.self": "false",
                            "egress.482069346.to_port": "0",
                            "id": "sg-d86a0ba3",
                            "ingress.#": "5",
                            "ingress.2541437006.cidr_blocks.#": "1",
                            "ingress.2541437006.cidr_blocks.0": "0.0.0.0/0",
                            "ingress.2541437006.from_port": "22",
                            "ingress.2541437006.protocol": "tcp",
                            "ingress.2541437006.security_groups.#": "0",
                            "ingress.2541437006.self": "false",
                            "ingress.2541437006.to_port": "22",
                            "ingress.3352683538.cidr_blocks.#": "1",
                            "ingress.3352683538.cidr_blocks.0": "100.64.0.0/10",
                            "ingress.3352683538.from_port": "0",
                            "ingress.3352683538.protocol": "-1",
                            "ingress.3352683538.security_groups.#": "0",
                            "ingress.3352683538.self": "false",
                            "ingress.3352683538.to_port": "0",
                            "ingress.3592795983.cidr_blocks.#": "1",
                            "ingress.3592795983.cidr_blocks.0": "0.0.0.0/0",
                            "ingress.3592795983.from_port": "655",
                            "ingress.3592795983.protocol": "udp",
                            "ingress.3592795983.security_groups.#": "0",
                            "ingress.3592795983.self": "false",
                            "ingress.3592795983.to_port": "655",
                            "ingress.4185655106.cidr_blocks.#": "1",
                            "ingress.4185655106.cidr_blocks.0": "0.0.0.0/0",
                            "ingress.4185655106.from_port": "655",
                            "ingress.4185655106.protocol": "tcp",
                            "ingress.4185655106.security_groups.#": "0",
                            "ingress.4185655106.self": "false",
                            "ingress.4185655106.to_port": "655",
                            "ingress.956249133.cidr_blocks.#": "1",
                            "ingress.956249133.cidr_blocks.0": "10.0.0.0/8",
                            "ingress.956249133.from_port": "0",
                            "ingress.956249133.protocol": "-1",
                            "ingress.956249133.security_groups.#": "0",
                            "ingress.956249133.self": "false",
                            "ingress.956249133.to_port": "0",
                            "name": "cosmos-vrouter-sg",
                            "owner_id": "452395698705",
                            "tags.%": "1",
                            "tags.Name": "cosmos-vrouter-SG",
                            "vpc_id": "vpc-851e1be2"
                        },
                        "meta": {},
                        "tainted": false
                    },
                    "deposed": [],
                    "provider": ""
                },
                "aws_vpc.cosmos-vrouter-edgerouter-canada-vpc": {
                    "type": "aws_vpc",
                    "depends_on": [],
                    "primary": {
                        "id": "vpc-851e1be2",
                        "attributes": {
                            "cidr_block": "10.20.0.0/16",
                            "default_network_acl_id": "acl-a6fa02c0",
                            "default_route_table_id": "rtb-adac1dcb",
                            "default_security_group_id": "sg-1566076e",
                            "dhcp_options_id": "dopt-08210f6d",
                            "enable_classiclink": "false",
                            "enable_dns_hostnames": "true",
                            "enable_dns_support": "true",
                            "id": "vpc-851e1be2",
                            "instance_tenancy": "default",
                            "main_route_table_id": "rtb-adac1dcb",
                            "tags.%": "1",
                            "tags.Name": "cosmos-vrouter-edgerouter-canada-vpc-TF"
                        },
                        "meta": {},
                        "tainted": false
                    },
                    "deposed": [],
                    "provider": ""
                }
            },
            "depends_on": []
        }
    ]
}
