{
    "version": 3,
    "terraform_version": "0.7.13",
    "serial": 28,
    "lineage": "1048d48a-ec4c-4aab-8225-f84f0743ce89",
    "modules": [
        {
            "path": [
                "root"
            ],
            "outputs": {},
            "resources": {
                "aws_instance.cosmos-vrouter": {
                    "type": "aws_instance",
                    "depends_on": [
                        "aws_route_table.us-west-1b-public",
                        "aws_security_group.cosmos-vrouter",
                        "aws_security_group.cosmos-vrouter",
                        "aws_subnet.us-west-1b-public",
                        "aws_subnet.us-west-1b-public",
                        "aws_vpc.cosmos-vrouter-testing"
                    ],
                    "primary": {
                        "id": "i-0ceb7f30ed9951834",
                        "attributes": {
                            "ami": "ami-16efb076",
                            "associate_public_ip_address": "true",
                            "availability_zone": "us-west-1b",
                            "disable_api_termination": "false",
                            "ebs_block_device.#": "0",
                            "ebs_optimized": "false",
                            "ephemeral_block_device.#": "0",
                            "iam_instance_profile": "",
                            "id": "i-0ceb7f30ed9951834",
                            "instance_state": "running",
                            "instance_type": "t2.small",
                            "key_name": "cosmos-admin2",
                            "monitoring": "false",
                            "network_interface_id": "eni-a55b4ea4",
                            "private_dns": "ip-10-7-1-81.us-west-1.compute.internal",
                            "private_ip": "10.7.1.81",
                            "public_dns": "ec2-54-215-193-177.us-west-1.compute.amazonaws.com",
                            "public_ip": "54.215.193.177",
                            "root_block_device.#": "1",
                            "root_block_device.0.delete_on_termination": "true",
                            "root_block_device.0.iops": "100",
                            "root_block_device.0.volume_size": "8",
                            "root_block_device.0.volume_type": "gp2",
                            "security_groups.#": "0",
                            "source_dest_check": "false",
                            "subnet_id": "subnet-01600259",
                            "tags.%": "1",
                            "tags.Name": "cosmos-vrouter",
                            "tenancy": "default",
                            "vpc_security_group_ids.#": "1",
                            "vpc_security_group_ids.1837282327": "sg-4878262f"
                        },
                        "meta": {
                            "schema_version": "1"
                        },
                        "tainted": false
                    },
                    "deposed": [],
                    "provider": ""
                },
                "aws_internet_gateway.cosmos-vrouter-testing": {
                    "type": "aws_internet_gateway",
                    "depends_on": [
                        "aws_vpc.cosmos-vrouter-testing"
                    ],
                    "primary": {
                        "id": "igw-1a0b0c7f",
                        "attributes": {
                            "id": "igw-1a0b0c7f",
                            "vpc_id": "vpc-9aca4ffe"
                        },
                        "meta": {},
                        "tainted": false
                    },
                    "deposed": [],
                    "provider": ""
                },
                "aws_key_pair.cosmos-admin": {
                    "type": "aws_key_pair",
                    "depends_on": [],
                    "primary": {
                        "id": "cosmos-admin2",
                        "attributes": {
                            "id": "cosmos-admin2",
                            "key_name": "cosmos-admin2",
                            "public_key": "ssh-rsa AAAAB3NzaC1yc2EAAAADAQABAAABAQDyXBNH/KCBD0gQriYyG+0u+hG/Knbdw8O+KyxZxKUffgpHHsBBKGhY5RFSjPsP5y5xGlWJU9z4N8ikQKQ5D0D9Qihdb70Eeandz30grkACiGNuT7y8DWGvvE/MzYA3a4RiEY3VyravWCBAQ0fKa/c3aSy9HMU1jxfMi4EVUijrULkLFDnjDrKNT4h2u22t5YVXxhMySKiuhyVG4+xXTj8vMffJkbssz1CXN0RU7rWS0cKKRa2ii/iSBS4P/T4ZbzOeKDII2Mzt+CIG8GAsbouIdhMfkd1d1I67CP+7AX3FgYyIU8Yqpjo5NKu5Nf4KTTbB067c4Jm5b+VrMwftFtOD root@ubuntu-xenial"
                        },
                        "meta": {
                            "schema_version": "1"
                        },
                        "tainted": false
                    },
                    "deposed": [],
                    "provider": ""
                },
                "aws_route_table.us-west-1b-public": {
                    "type": "aws_route_table",
                    "depends_on": [
                        "aws_internet_gateway.cosmos-vrouter-testing",
                        "aws_vpc.cosmos-vrouter-testing"
                    ],
                    "primary": {
                        "id": "rtb-084f316c",
                        "attributes": {
                            "id": "rtb-084f316c",
                            "propagating_vgws.#": "0",
                            "route.#": "1",
                            "route.1356460156.cidr_block": "0.0.0.0/0",
                            "route.1356460156.gateway_id": "igw-1a0b0c7f",
                            "route.1356460156.instance_id": "",
                            "route.1356460156.nat_gateway_id": "",
                            "route.1356460156.network_interface_id": "",
                            "route.1356460156.vpc_peering_connection_id": "",
                            "tags.%": "1",
                            "tags.Name": "Public Subnet",
                            "vpc_id": "vpc-9aca4ffe"
                        },
                        "meta": {},
                        "tainted": false
                    },
                    "deposed": [],
                    "provider": ""
                },
                "aws_route_table_association.us-west-1b-public": {
                    "type": "aws_route_table_association",
                    "depends_on": [
                        "aws_route_table.us-west-1b-public",
                        "aws_subnet.us-west-1b-public"
                    ],
                    "primary": {
                        "id": "rtbassoc-eb10e18c",
                        "attributes": {
                            "id": "rtbassoc-eb10e18c",
                            "route_table_id": "rtb-084f316c",
                            "subnet_id": "subnet-01600259"
                        },
                        "meta": {},
                        "tainted": false
                    },
                    "deposed": [],
                    "provider": ""
                },
                "aws_security_group.cosmos-vrouter": {
                    "type": "aws_security_group",
                    "depends_on": [
                        "aws_vpc.cosmos-vrouter-testing"
                    ],
                    "primary": {
                        "id": "sg-4878262f",
                        "attributes": {
                            "description": "Allow incoming traffic",
                            "egress.#": "1",
                            "egress.482069346.cidr_blocks.#": "1",
                            "egress.482069346.cidr_blocks.0": "0.0.0.0/0",
                            "egress.482069346.from_port": "0",
                            "egress.482069346.prefix_list_ids.#": "0",
                            "egress.482069346.protocol": "-1",
                            "egress.482069346.security_groups.#": "0",
                            "egress.482069346.self": "false",
                            "egress.482069346.to_port": "0",
                            "id": "sg-4878262f",
                            "ingress.#": "5",
                            "ingress.2541437006.cidr_blocks.#": "1",
                            "ingress.2541437006.cidr_blocks.0": "0.0.0.0/0",
                            "ingress.2541437006.from_port": "22",
                            "ingress.2541437006.protocol": "tcp",
                            "ingress.2541437006.security_groups.#": "0",
                            "ingress.2541437006.self": "false",
                            "ingress.2541437006.to_port": "22",
                            "ingress.3352683538.cidr_blocks.#": "1",
                            "ingress.3352683538.cidr_blocks.0": "100.64.0.0/10",
                            "ingress.3352683538.from_port": "0",
                            "ingress.3352683538.protocol": "-1",
                            "ingress.3352683538.security_groups.#": "0",
                            "ingress.3352683538.self": "false",
                            "ingress.3352683538.to_port": "0",
                            "ingress.3592795983.cidr_blocks.#": "1",
                            "ingress.3592795983.cidr_blocks.0": "0.0.0.0/0",
                            "ingress.3592795983.from_port": "655",
                            "ingress.3592795983.protocol": "udp",
                            "ingress.3592795983.security_groups.#": "0",
                            "ingress.3592795983.self": "false",
                            "ingress.3592795983.to_port": "655",
                            "ingress.4185655106.cidr_blocks.#": "1",
                            "ingress.4185655106.cidr_blocks.0": "0.0.0.0/0",
                            "ingress.4185655106.from_port": "655",
                            "ingress.4185655106.protocol": "tcp",
                            "ingress.4185655106.security_groups.#": "0",
                            "ingress.4185655106.self": "false",
                            "ingress.4185655106.to_port": "655",
                            "ingress.956249133.cidr_blocks.#": "1",
                            "ingress.956249133.cidr_blocks.0": "10.0.0.0/8",
                            "ingress.956249133.from_port": "0",
                            "ingress.956249133.protocol": "-1",
                            "ingress.956249133.security_groups.#": "0",
                            "ingress.956249133.self": "false",
                            "ingress.956249133.to_port": "0",
                            "name": "cosmos-vrouter-sg",
                            "owner_id": "452395698705",
                            "tags.%": "1",
                            "tags.Name": "cosmos-vrouter-SG",
                            "vpc_id": "vpc-9aca4ffe"
                        },
                        "meta": {},
                        "tainted": false
                    },
                    "deposed": [],
                    "provider": ""
                },
                "aws_subnet.us-west-1b-public": {
                    "type": "aws_subnet",
                    "depends_on": [
                        "aws_vpc.cosmos-vrouter-testing"
                    ],
                    "primary": {
                        "id": "subnet-01600259",
                        "attributes": {
                            "availability_zone": "us-west-1b",
                            "cidr_block": "10.7.1.0/24",
                            "id": "subnet-01600259",
                            "map_public_ip_on_launch": "false",
                            "tags.%": "1",
                            "tags.Name": "Public Subnet",
                            "vpc_id": "vpc-9aca4ffe"
                        },
                        "meta": {},
                        "tainted": false
                    },
                    "deposed": [],
                    "provider": ""
                },
                "aws_vpc.cosmos-vrouter-testing": {
                    "type": "aws_vpc",
                    "depends_on": [],
                    "primary": {
                        "id": "vpc-9aca4ffe",
                        "attributes": {
                            "cidr_block": "10.7.0.0/16",
                            "default_network_acl_id": "acl-e3721887",
                            "default_route_table_id": "rtb-6b502e0f",
                            "default_security_group_id": "sg-197d237e",
                            "dhcp_options_id": "dopt-47049122",
                            "enable_classiclink": "false",
                            "enable_dns_hostnames": "true",
                            "enable_dns_support": "true",
                            "id": "vpc-9aca4ffe",
                            "instance_tenancy": "default",
                            "main_route_table_id": "rtb-6b502e0f",
                            "tags.%": "1",
                            "tags.Name": "cosmos-vrouter-testing-aws-vpc-TF2"
                        },
                        "meta": {},
                        "tainted": false
                    },
                    "deposed": [],
                    "provider": ""
                }
            },
            "depends_on": []
        }
    ]
}
